
Microsoft Visual Studio Solution File, Format Version 12.00
# Visual Studio Version 17
VisualStudioVersion = 17.6.33829.357
MinimumVisualStudioVersion = 10.0.40219.1
Project("{FAE04EC0-301F-11D3-BF4B-00C04F79EFBC}") = "CSHARP-QUẢNLYNHANVIEN", "CSHARP-QUẢNLYNHANVIEN.csproj", "{06A2B127-A191-4EF3-828A-B95905813026}"
EndProject
Global
	GlobalSection(SolutionConfigurationPlatforms) = preSolution
		Debug|Any CPU = Debug|Any CPU
		Release|Any CPU = Release|Any CPU
	EndGlobalSection
	GlobalSection(ProjectConfigurationPlatforms) = postSolution
		{06A2B127-A191-4EF3-828A-B95905813026}.Debug|Any CPU.ActiveCfg = Debug|Any CPU
		{06A2B127-A191-4EF3-828A-B95905813026}.Debug|Any CPU.Build.0 = Debug|Any CPU
		{06A2B127-A191-4EF3-828A-B95905813026}.Release|Any CPU.ActiveCfg = Release|Any CPU
		{06A2B127-A191-4EF3-828A-B95905813026}.Release|Any CPU.Build.0 = Release|Any CPU
	EndGlobalSection
	GlobalSection(SolutionProperties) = preSolution
		HideSolutionNode = FALSE
	EndGlobalSection
	GlobalSection(ExtensibilityGlobals) = postSolution
		SolutionGuid = {4A5D68E4-9AB8-445C-9B18-602631EEBD89}
	EndGlobalSection
EndGlobal
